
Microsoft Visual Studio Solution File, Format Version 12.00
# Visual Studio Version 17
VisualStudioVersion = 17.5.002.0
MinimumVisualStudioVersion = 10.0.40219.1
Project("{9A19103F-16F7-4668-BE54-9A1E7A4F7556}") = "Backend", "Backend.csproj", "{D38211FA-9557-44F3-BAED-ABDD51F3D3E3}"
EndProject
Global
	GlobalSection(SolutionConfigurationPlatforms) = preSolution
		Debug|Any CPU = Debug|Any CPU
		Release|Any CPU = Release|Any CPU
	EndGlobalSection
	GlobalSection(ProjectConfigurationPlatforms) = postSolution
		{D38211FA-9557-44F3-BAED-ABDD51F3D3E3}.Debug|Any CPU.ActiveCfg = Debug|Any CPU
		{D38211FA-9557-44F3-BAED-ABDD51F3D3E3}.Debug|Any CPU.Build.0 = Debug|Any CPU
		{D38211FA-9557-44F3-BAED-ABDD51F3D3E3}.Release|Any CPU.ActiveCfg = Release|Any CPU
		{D38211FA-9557-44F3-BAED-ABDD51F3D3E3}.Release|Any CPU.Build.0 = Release|Any CPU
	EndGlobalSection
	GlobalSection(SolutionProperties) = preSolution
		HideSolutionNode = FALSE
	EndGlobalSection
	GlobalSection(ExtensibilityGlobals) = postSolution
		SolutionGuid = {A134B5F9-9F80-4F12-A16E-CEBA5C5A2DBF}
	EndGlobalSection
EndGlobal
